
Microsoft Visual Studio Solution File, Format Version 12.00
# Visual Studio Version 16
VisualStudioVersion = 16.0.31313.79
MinimumVisualStudioVersion = 10.0.40219.1
Project("{FAE04EC0-301F-11D3-BF4B-00C04F79EFBC}") = "HotelTask.API", "HotelTask.API\HotelTask.API.csproj", "{1671EB5D-B0B6-429C-9CBD-44759F410A68}"
EndProject
Project("{FAE04EC0-301F-11D3-BF4B-00C04F79EFBC}") = "HotelTask.Data", "HotelTask.Data\HotelTask.Data.csproj", "{5BCADC0C-2BE4-4FBF-94A2-289BD0D26694}"
EndProject
Global
	GlobalSection(SolutionConfigurationPlatforms) = preSolution
		Debug|Any CPU = Debug|Any CPU
		Release|Any CPU = Release|Any CPU
	EndGlobalSection
	GlobalSection(ProjectConfigurationPlatforms) = postSolution
		{1671EB5D-B0B6-429C-9CBD-44759F410A68}.Debug|Any CPU.ActiveCfg = Debug|Any CPU
		{1671EB5D-B0B6-429C-9CBD-44759F410A68}.Debug|Any CPU.Build.0 = Debug|Any CPU
		{1671EB5D-B0B6-429C-9CBD-44759F410A68}.Release|Any CPU.ActiveCfg = Release|Any CPU
		{1671EB5D-B0B6-429C-9CBD-44759F410A68}.Release|Any CPU.Build.0 = Release|Any CPU
		{5BCADC0C-2BE4-4FBF-94A2-289BD0D26694}.Debug|Any CPU.ActiveCfg = Debug|Any CPU
		{5BCADC0C-2BE4-4FBF-94A2-289BD0D26694}.Debug|Any CPU.Build.0 = Debug|Any CPU
		{5BCADC0C-2BE4-4FBF-94A2-289BD0D26694}.Release|Any CPU.ActiveCfg = Release|Any CPU
		{5BCADC0C-2BE4-4FBF-94A2-289BD0D26694}.Release|Any CPU.Build.0 = Release|Any CPU
	EndGlobalSection
	GlobalSection(SolutionProperties) = preSolution
		HideSolutionNode = FALSE
	EndGlobalSection
	GlobalSection(ExtensibilityGlobals) = postSolution
		SolutionGuid = {E5CBCD6D-3A2A-488C-B9B1-EA7E1509D69D}
	EndGlobalSection
EndGlobal
